<?xml version="1.0" encoding="utf-8"?>
<Project ToolsVersion="17.0" xmlns="http://schemas.microsoft.com/developer/msbuild/2003">
  <ItemGroup>
    <ClCompile Include="C:\Users\Natalie\Dropbox\geodash\CrowdControl\CMakeFiles\CrowdControl.dir\cmake_pch.cxx">
      <Filter>Source Files</Filter>
    </ClCompile>
    <ClCompile Include="C:\Users\Natalie\Dropbox\geodash\CrowdControl\src\main.cpp">
      <Filter>Source Files</Filter>
    </ClCompile>
    <ClCompile Include="C:\Users\Natalie\Documents\Geode\entry.cpp">
      <Filter>Source Files</Filter>
    </ClCompile>
  </ItemGroup>
  <ItemGroup>
    <ClInclude Include="C:\Users\Natalie\Dropbox\geodash\CrowdControl\CMakeFiles\CrowdControl.dir\Debug\cmake_pch.hxx">
      <Filter>Precompile Header File</Filter>
    </ClInclude>
    <ClInclude Include="C:\Users\Natalie\Dropbox\geodash\CrowdControl\CMakeFiles\CrowdControl.dir\Release\cmake_pch.hxx">
      <Filter>Precompile Header File</Filter>
    </ClInclude>
    <ClInclude Include="C:\Users\Natalie\Dropbox\geodash\CrowdControl\CMakeFiles\CrowdControl.dir\MinSizeRel\cmake_pch.hxx">
      <Filter>Precompile Header File</Filter>
    </ClInclude>
    <ClInclude Include="C:\Users\Natalie\Dropbox\geodash\CrowdControl\CMakeFiles\CrowdControl.dir\RelWithDebInfo\cmake_pch.hxx">
      <Filter>Precompile Header File</Filter>
    </ClInclude>
  </ItemGroup>
  <ItemGroup>
    <CustomBuild Include="C:\Users\Natalie\Dropbox\geodash\CrowdControl\CMakeLists.txt" />
  </ItemGroup>
  <ItemGroup>
    <Filter Include="Precompile Header File">
      <UniqueIdentifier>{1F6B79BE-D814-3F9B-8923-AD96786671CB}</UniqueIdentifier>
    </Filter>
    <Filter Include="Source Files">
      <UniqueIdentifier>{879B927A-A5CC-39E6-822E-F80A7A0ECE7E}</UniqueIdentifier>
    </Filter>
  </ItemGroup>
</Project>
